
Microsoft Visual Studio Solution File, Format Version 12.00
# Visual Studio Version 17
VisualStudioVersion = 17.10.34928.147
MinimumVisualStudioVersion = 10.0.40219.1
Project("{FAE04EC0-301F-11D3-BF4B-00C04F79EFBC}") = "ConsoleApp2", "ConsoleApp2\ConsoleApp2.csproj", "{1EC7AC6C-C224-4138-B9FE-24621A38473B}"
EndProject
Global
	GlobalSection(SolutionConfigurationPlatforms) = preSolution
		Debug|Any CPU = Debug|Any CPU
		Release|Any CPU = Release|Any CPU
	EndGlobalSection
	GlobalSection(ProjectConfigurationPlatforms) = postSolution
		{1EC7AC6C-C224-4138-B9FE-24621A38473B}.Debug|Any CPU.ActiveCfg = Debug|Any CPU
		{1EC7AC6C-C224-4138-B9FE-24621A38473B}.Debug|Any CPU.Build.0 = Debug|Any CPU
		{1EC7AC6C-C224-4138-B9FE-24621A38473B}.Release|Any CPU.ActiveCfg = Release|Any CPU
		{1EC7AC6C-C224-4138-B9FE-24621A38473B}.Release|Any CPU.Build.0 = Release|Any CPU
	EndGlobalSection
	GlobalSection(SolutionProperties) = preSolution
		HideSolutionNode = FALSE
	EndGlobalSection
	GlobalSection(ExtensibilityGlobals) = postSolution
		SolutionGuid = {1246239A-C803-42CD-905B-241995CC18A3}
	EndGlobalSection
EndGlobal
